
Microsoft Visual Studio Solution File, Format Version 12.00
# Visual Studio Version 17
VisualStudioVersion = 17.5.33627.172
MinimumVisualStudioVersion = 10.0.40219.1
Project("{FAE04EC0-301F-11D3-BF4B-00C04F79EFBC}") = "C#Practice20240304", "C#Practice20240304\C#Practice20240304.csproj", "{6EFD57CD-A59E-46A8-A53A-E8ABD3DBFEA9}"
EndProject
Global
	GlobalSection(SolutionConfigurationPlatforms) = preSolution
		Debug|Any CPU = Debug|Any CPU
		Release|Any CPU = Release|Any CPU
	EndGlobalSection
	GlobalSection(ProjectConfigurationPlatforms) = postSolution
		{6EFD57CD-A59E-46A8-A53A-E8ABD3DBFEA9}.Debug|Any CPU.ActiveCfg = Debug|Any CPU
		{6EFD57CD-A59E-46A8-A53A-E8ABD3DBFEA9}.Debug|Any CPU.Build.0 = Debug|Any CPU
		{6EFD57CD-A59E-46A8-A53A-E8ABD3DBFEA9}.Release|Any CPU.ActiveCfg = Release|Any CPU
		{6EFD57CD-A59E-46A8-A53A-E8ABD3DBFEA9}.Release|Any CPU.Build.0 = Release|Any CPU
	EndGlobalSection
	GlobalSection(SolutionProperties) = preSolution
		HideSolutionNode = FALSE
	EndGlobalSection
	GlobalSection(ExtensibilityGlobals) = postSolution
		SolutionGuid = {663D4BBB-6717-4A1F-ABC1-287D975A7B9A}
	EndGlobalSection
EndGlobal
